
Microsoft Visual Studio Solution File, Format Version 12.00
# Visual Studio Version 17
VisualStudioVersion = 17.3.32929.385
MinimumVisualStudioVersion = 10.0.40219.1
Project("{FAE04EC0-301F-11D3-BF4B-00C04F79EFBC}") = "File.Lab", "File.Lab\File.Lab.csproj", "{DFBE2CBC-4283-4C86-A7F9-B1215A0D1C59}"
EndProject
Global
	GlobalSection(SolutionConfigurationPlatforms) = preSolution
		Debug|Any CPU = Debug|Any CPU
		Release|Any CPU = Release|Any CPU
	EndGlobalSection
	GlobalSection(ProjectConfigurationPlatforms) = postSolution
		{DFBE2CBC-4283-4C86-A7F9-B1215A0D1C59}.Debug|Any CPU.ActiveCfg = Debug|Any CPU
		{DFBE2CBC-4283-4C86-A7F9-B1215A0D1C59}.Debug|Any CPU.Build.0 = Debug|Any CPU
		{DFBE2CBC-4283-4C86-A7F9-B1215A0D1C59}.Release|Any CPU.ActiveCfg = Release|Any CPU
		{DFBE2CBC-4283-4C86-A7F9-B1215A0D1C59}.Release|Any CPU.Build.0 = Release|Any CPU
	EndGlobalSection
	GlobalSection(SolutionProperties) = preSolution
		HideSolutionNode = FALSE
	EndGlobalSection
	GlobalSection(ExtensibilityGlobals) = postSolution
		SolutionGuid = {5AD2BA98-177A-4CF4-8538-3296348C7D0A}
	EndGlobalSection
EndGlobal
